// !$*UTF8*$!
{
	archiveVersion = 1;
	classes = {
	};
	objectVersion = 50;
	objects = {

/* Begin PBXBuildFile section */
		644A44E9256E904E009199D9 /* PTPuzzleAndStyleView.swift in Sources */ = {isa = PBXBuildFile; fileRef = 644A44E8256E904E009199D9 /* PTPuzzleAndStyleView.swift */; };
		649B3C95256BA1A3000D7702 /* AppDelegate.swift in Sources */ = {isa = PBXBuildFile; fileRef = 649B3C94256BA1A3000D7702 /* AppDelegate.swift */; };
		649B3C99256BA1A3000D7702 /* ViewController.swift in Sources */ = {isa = PBXBuildFile; fileRef = 649B3C98256BA1A3000D7702 /* ViewController.swift */; };
		649B3C9C256BA1A3000D7702 /* Main.storyboard in Resources */ = {isa = PBXBuildFile; fileRef = 649B3C9A256BA1A3000D7702 /* Main.storyboard */; };
		649B3C9E256BA1A5000D7702 /* Assets.xcassets in Resources */ = {isa = PBXBuildFile; fileRef = 649B3C9D256BA1A5000D7702 /* Assets.xcassets */; };
		649B3CA1256BA1A5000D7702 /* LaunchScreen.storyboard in Resources */ = {isa = PBXBuildFile; fileRef = 649B3C9F256BA1A5000D7702 /* LaunchScreen.storyboard */; };
		649B3CAD256BA323000D7702 /* PTPuzzleImageEditView.swift in Sources */ = {isa = PBXBuildFile; fileRef = 649B3CAC256BA323000D7702 /* PTPuzzleImageEditView.swift */; };
		649B3CC9256BBEC3000D7702 /* number_four_style_4.plist in Resources */ = {isa = PBXBuildFile; fileRef = 649B3CB1256BBEC3000D7702 /* number_four_style_4.plist */; };
		649B3CCA256BBEC3000D7702 /* number_four_style_6.plist in Resources */ = {isa = PBXBuildFile; fileRef = 649B3CB2256BBEC3000D7702 /* number_four_style_6.plist */; };
		649B3CCB256BBEC3000D7702 /* number_four_style_2.plist in Resources */ = {isa = PBXBuildFile; fileRef = 649B3CB3256BBEC3000D7702 /* number_four_style_2.plist */; };
		649B3CCC256BBEC3000D7702 /* number_four_style_5.plist in Resources */ = {isa = PBXBuildFile; fileRef = 649B3CB4256BBEC3000D7702 /* number_four_style_5.plist */; };
		649B3CCD256BBEC3000D7702 /* number_four_style_1.plist in Resources */ = {isa = PBXBuildFile; fileRef = 649B3CB5256BBEC3000D7702 /* number_four_style_1.plist */; };
		649B3CCE256BBEC3000D7702 /* number_four_style_3.plist in Resources */ = {isa = PBXBuildFile; fileRef = 649B3CB6256BBEC3000D7702 /* number_four_style_3.plist */; };
		649B3CCF256BBEC3000D7702 /* number_five_style_5.plist in Resources */ = {isa = PBXBuildFile; fileRef = 649B3CB7256BBEC3000D7702 /* number_five_style_5.plist */; };
		649B3CD0256BBEC3000D7702 /* number_three_style_3.plist in Resources */ = {isa = PBXBuildFile; fileRef = 649B3CB8256BBEC3000D7702 /* number_three_style_3.plist */; };
		649B3CD1256BBEC3000D7702 /* number_two_style_5.plist in Resources */ = {isa = PBXBuildFile; fileRef = 649B3CB9256BBEC3000D7702 /* number_two_style_5.plist */; };
		649B3CD2256BBEC3000D7702 /* number_three_style_1.plist in Resources */ = {isa = PBXBuildFile; fileRef = 649B3CBA256BBEC3000D7702 /* number_three_style_1.plist */; };
		649B3CD3256BBEC3000D7702 /* number_five_style_3.plist in Resources */ = {isa = PBXBuildFile; fileRef = 649B3CBB256BBEC3000D7702 /* number_five_style_3.plist */; };
		649B3CD4256BBEC3000D7702 /* number_two_style_1.plist in Resources */ = {isa = PBXBuildFile; fileRef = 649B3CBC256BBEC3000D7702 /* number_two_style_1.plist */; };
		649B3CD5256BBEC3000D7702 /* number_three_style_5.plist in Resources */ = {isa = PBXBuildFile; fileRef = 649B3CBD256BBEC3000D7702 /* number_three_style_5.plist */; };
		649B3CD6256BBEC3000D7702 /* number_two_style_3.plist in Resources */ = {isa = PBXBuildFile; fileRef = 649B3CBE256BBEC3000D7702 /* number_two_style_3.plist */; };
		649B3CD7256BBEC3000D7702 /* number_five_style_1.plist in Resources */ = {isa = PBXBuildFile; fileRef = 649B3CBF256BBEC3000D7702 /* number_five_style_1.plist */; };
		649B3CD8256BBEC3000D7702 /* number_two_style_4.plist in Resources */ = {isa = PBXBuildFile; fileRef = 649B3CC0256BBEC3000D7702 /* number_two_style_4.plist */; };
		649B3CD9256BBEC3000D7702 /* number_five_style_6.plist in Resources */ = {isa = PBXBuildFile; fileRef = 649B3CC1256BBEC3000D7702 /* number_five_style_6.plist */; };
		649B3CDA256BBEC3000D7702 /* number_five_style_4.plist in Resources */ = {isa = PBXBuildFile; fileRef = 649B3CC2256BBEC3000D7702 /* number_five_style_4.plist */; };
		649B3CDB256BBEC3000D7702 /* number_two_style_6.plist in Resources */ = {isa = PBXBuildFile; fileRef = 649B3CC3256BBEC3000D7702 /* number_two_style_6.plist */; };
		649B3CDC256BBEC3000D7702 /* number_three_style_2.plist in Resources */ = {isa = PBXBuildFile; fileRef = 649B3CC4256BBEC3000D7702 /* number_three_style_2.plist */; };
		649B3CDD256BBEC3000D7702 /* number_two_style_2.plist in Resources */ = {isa = PBXBuildFile; fileRef = 649B3CC5256BBEC3000D7702 /* number_two_style_2.plist */; };
		649B3CDE256BBEC3000D7702 /* number_three_style_6.plist in Resources */ = {isa = PBXBuildFile; fileRef = 649B3CC6256BBEC3000D7702 /* number_three_style_6.plist */; };
		649B3CDF256BBEC3000D7702 /* number_five_style_2.plist in Resources */ = {isa = PBXBuildFile; fileRef = 649B3CC7256BBEC3000D7702 /* number_five_style_2.plist */; };
		649B3CE0256BBEC3000D7702 /* number_three_style_4.plist in Resources */ = {isa = PBXBuildFile; fileRef = 649B3CC8256BBEC3000D7702 /* number_three_style_4.plist */; };
		64B80171256D2DA4003CA531 /* PTPuzzleContentView.swift in Sources */ = {isa = PBXBuildFile; fileRef = 64B80170256D2DA4003CA531 /* PTPuzzleContentView.swift */; };
		64B80175256D35CE003CA531 /* PTPuzzleStyleSelectView.swift in Sources */ = {isa = PBXBuildFile; fileRef = 64B80174256D35CE003CA531 /* PTPuzzleStyleSelectView.swift */; };
		64D02D8D256CF81C0008C13C /* makecards_puzzle_storyboard6_icon@2x.png in Resources */ = {isa = PBXBuildFile; fileRef = 64D02D5A256CF81B0008C13C /* makecards_puzzle_storyboard6_icon@2x.png */; };
		64D02D8E256CF81C0008C13C /* makecards_puzzle_storyboard4_icon.png in Resources */ = {isa = PBXBuildFile; fileRef = 64D02D5B256CF81B0008C13C /* makecards_puzzle_storyboard4_icon.png */; };
		64D02D8F256CF81C0008C13C /* makecards_puzzle_storyboard5_icon.png in Resources */ = {isa = PBXBuildFile; fileRef = 64D02D5C256CF81B0008C13C /* makecards_puzzle_storyboard5_icon.png */; };
		64D02D90256CF81C0008C13C /* makecards_puzzle_storyboard3_icon@2x.png in Resources */ = {isa = PBXBuildFile; fileRef = 64D02D5D256CF81B0008C13C /* makecards_puzzle_storyboard3_icon@2x.png */; };
		64D02D91256CF81C0008C13C /* makecards_puzzle_storyboard3_icon.png in Resources */ = {isa = PBXBuildFile; fileRef = 64D02D5E256CF81B0008C13C /* makecards_puzzle_storyboard3_icon.png */; };
		64D02D92256CF81C0008C13C /* makecards_puzzle_storyboard2_icon.png in Resources */ = {isa = PBXBuildFile; fileRef = 64D02D5F256CF81B0008C13C /* makecards_puzzle_storyboard2_icon.png */; };
		64D02D93256CF81C0008C13C /* makecards_puzzle_storyboard5_icon@2x.png in Resources */ = {isa = PBXBuildFile; fileRef = 64D02D60256CF81B0008C13C /* makecards_puzzle_storyboard5_icon@2x.png */; };
		64D02D94256CF81C0008C13C /* makecards_puzzle_storyboard2_icon@2x.png in Resources */ = {isa = PBXBuildFile; fileRef = 64D02D61256CF81B0008C13C /* makecards_puzzle_storyboard2_icon@2x.png */; };
		64D02D95256CF81C0008C13C /* makecards_puzzle_storyboard6_icon.png in Resources */ = {isa = PBXBuildFile; fileRef = 64D02D62256CF81B0008C13C /* makecards_puzzle_storyboard6_icon.png */; };
		64D02D96256CF81C0008C13C /* makecards_puzzle_storyboard4_icon@2x.png in Resources */ = {isa = PBXBuildFile; fileRef = 64D02D63256CF81B0008C13C /* makecards_puzzle_storyboard4_icon@2x.png */; };
		64D02D97256CF81C0008C13C /* makecards_puzzle_storyboard1_icon@2x.png in Resources */ = {isa = PBXBuildFile; fileRef = 64D02D64256CF81B0008C13C /* makecards_puzzle_storyboard1_icon@2x.png */; };
		64D02D98256CF81C0008C13C /* makecards_puzzle_storyboard1_icon.png in Resources */ = {isa = PBXBuildFile; fileRef = 64D02D65256CF81B0008C13C /* makecards_puzzle_storyboard1_icon.png */; };
		64D02D99256CF81C0008C13C /* makecards_puzzle4_storyboard5_icon@2x.png in Resources */ = {isa = PBXBuildFile; fileRef = 64D02D67256CF81B0008C13C /* makecards_puzzle4_storyboard5_icon@2x.png */; };
		64D02D9A256CF81C0008C13C /* makecards_puzzle4_storyboard2_icon.png in Resources */ = {isa = PBXBuildFile; fileRef = 64D02D68256CF81B0008C13C /* makecards_puzzle4_storyboard2_icon.png */; };
		64D02D9B256CF81C0008C13C /* makecards_puzzle4_storyboard3_icon.png in Resources */ = {isa = PBXBuildFile; fileRef = 64D02D69256CF81B0008C13C /* makecards_puzzle4_storyboard3_icon.png */; };
		64D02D9C256CF81C0008C13C /* makecards_puzzle4_storyboard6_icon@2x.png in Resources */ = {isa = PBXBuildFile; fileRef = 64D02D6A256CF81B0008C13C /* makecards_puzzle4_storyboard6_icon@2x.png */; };
		64D02D9D256CF81C0008C13C /* makecards_puzzle4_storyboard5_icon.png in Resources */ = {isa = PBXBuildFile; fileRef = 64D02D6B256CF81B0008C13C /* makecards_puzzle4_storyboard5_icon.png */; };
		64D02D9E256CF81C0008C13C /* makecards_puzzle4_storyboard4_icon.png in Resources */ = {isa = PBXBuildFile; fileRef = 64D02D6C256CF81B0008C13C /* makecards_puzzle4_storyboard4_icon.png */; };
		64D02D9F256CF81C0008C13C /* makecards_puzzle4_storyboard3_icon@2x.png in Resources */ = {isa = PBXBuildFile; fileRef = 64D02D6D256CF81B0008C13C /* makecards_puzzle4_storyboard3_icon@2x.png */; };
		64D02DA0256CF81C0008C13C /* makecards_puzzle4_storyboard1_icon.png in Resources */ = {isa = PBXBuildFile; fileRef = 64D02D6E256CF81B0008C13C /* makecards_puzzle4_storyboard1_icon.png */; };
		64D02DA1256CF81C0008C13C /* makecards_puzzle4_storyboard4_icon@2x.png in Resources */ = {isa = PBXBuildFile; fileRef = 64D02D6F256CF81B0008C13C /* makecards_puzzle4_storyboard4_icon@2x.png */; };
		64D02DA2256CF81C0008C13C /* makecards_puzzle4_storyboard1_icon@2x.png in Resources */ = {isa = PBXBuildFile; fileRef = 64D02D70256CF81B0008C13C /* makecards_puzzle4_storyboard1_icon@2x.png */; };
		64D02DA3256CF81C0008C13C /* makecards_puzzle4_storyboard2_icon@2x.png in Resources */ = {isa = PBXBuildFile; fileRef = 64D02D71256CF81B0008C13C /* makecards_puzzle4_storyboard2_icon@2x.png */; };
		64D02DA4256CF81C0008C13C /* makecards_puzzle4_storyboard6_icon.png in Resources */ = {isa = PBXBuildFile; fileRef = 64D02D72256CF81B0008C13C /* makecards_puzzle4_storyboard6_icon.png */; };
		64D02DA5256CF81C0008C13C /* makecards_puzzle5_storyboard5_icon.png in Resources */ = {isa = PBXBuildFile; fileRef = 64D02D74256CF81B0008C13C /* makecards_puzzle5_storyboard5_icon.png */; };
		64D02DA6256CF81C0008C13C /* makecards_puzzle5_storyboard4_icon.png in Resources */ = {isa = PBXBuildFile; fileRef = 64D02D75256CF81B0008C13C /* makecards_puzzle5_storyboard4_icon.png */; };
		64D02DA7256CF81C0008C13C /* makecards_puzzle5_storyboard1_icon@2x.png in Resources */ = {isa = PBXBuildFile; fileRef = 64D02D76256CF81B0008C13C /* makecards_puzzle5_storyboard1_icon@2x.png */; };
		64D02DA8256CF81C0008C13C /* makecards_puzzle5_storyboard4_icon@2x.png in Resources */ = {isa = PBXBuildFile; fileRef = 64D02D77256CF81B0008C13C /* makecards_puzzle5_storyboard4_icon@2x.png */; };
		64D02DA9256CF81C0008C13C /* makecards_puzzle5_storyboard2_icon@2x.png in Resources */ = {isa = PBXBuildFile; fileRef = 64D02D78256CF81B0008C13C /* makecards_puzzle5_storyboard2_icon@2x.png */; };
		64D02DAA256CF81C0008C13C /* makecards_puzzle5_storyboard2_icon.png in Resources */ = {isa = PBXBuildFile; fileRef = 64D02D79256CF81B0008C13C /* makecards_puzzle5_storyboard2_icon.png */; };
		64D02DAB256CF81C0008C13C /* makecards_puzzle5_storyboard3_icon.png in Resources */ = {isa = PBXBuildFile; fileRef = 64D02D7A256CF81B0008C13C /* makecards_puzzle5_storyboard3_icon.png */; };
		64D02DAC256CF81C0008C13C /* makecards_puzzle5_storyboard5_icon@2x.png in Resources */ = {isa = PBXBuildFile; fileRef = 64D02D7B256CF81B0008C13C /* makecards_puzzle5_storyboard5_icon@2x.png */; };
		64D02DAD256CF81C0008C13C /* makecards_puzzle5_storyboard6_icon.png in Resources */ = {isa = PBXBuildFile; fileRef = 64D02D7C256CF81B0008C13C /* makecards_puzzle5_storyboard6_icon.png */; };
		64D02DAE256CF81C0008C13C /* makecards_puzzle5_storyboard3_icon@2x.png in Resources */ = {isa = PBXBuildFile; fileRef = 64D02D7D256CF81B0008C13C /* makecards_puzzle5_storyboard3_icon@2x.png */; };
		64D02DAF256CF81C0008C13C /* makecards_puzzle5_storyboard1_icon.png in Resources */ = {isa = PBXBuildFile; fileRef = 64D02D7E256CF81B0008C13C /* makecards_puzzle5_storyboard1_icon.png */; };
		64D02DB0256CF81C0008C13C /* makecards_puzzle5_storyboard6_icon@2x.png in Resources */ = {isa = PBXBuildFile; fileRef = 64D02D7F256CF81B0008C13C /* makecards_puzzle5_storyboard6_icon@2x.png */; };
		64D02DB1256CF81C0008C13C /* makecards_puzzle3_storyboard6_icon@2x.png in Resources */ = {isa = PBXBuildFile; fileRef = 64D02D81256CF81B0008C13C /* makecards_puzzle3_storyboard6_icon@2x.png */; };
		64D02DB2256CF81C0008C13C /* makecards_puzzle3_storyboard1_icon.png in Resources */ = {isa = PBXBuildFile; fileRef = 64D02D82256CF81B0008C13C /* makecards_puzzle3_storyboard1_icon.png */; };
		64D02DB3256CF81C0008C13C /* makecards_puzzle3_storyboard3_icon@2x.png in Resources */ = {isa = PBXBuildFile; fileRef = 64D02D83256CF81B0008C13C /* makecards_puzzle3_storyboard3_icon@2x.png */; };
		64D02DB4256CF81C0008C13C /* makecards_puzzle3_storyboard6_icon.png in Resources */ = {isa = PBXBuildFile; fileRef = 64D02D84256CF81B0008C13C /* makecards_puzzle3_storyboard6_icon.png */; };
		64D02DB5256CF81C0008C13C /* makecards_puzzle3_storyboard5_icon@2x.png in Resources */ = {isa = PBXBuildFile; fileRef = 64D02D85256CF81B0008C13C /* makecards_puzzle3_storyboard5_icon@2x.png */; };
		64D02DB6256CF81C0008C13C /* makecards_puzzle3_storyboard2_icon@2x.png in Resources */ = {isa = PBXBuildFile; fileRef = 64D02D86256CF81B0008C13C /* makecards_puzzle3_storyboard2_icon@2x.png */; };
		64D02DB7256CF81C0008C13C /* makecards_puzzle3_storyboard2_icon.png in Resources */ = {isa = PBXBuildFile; fileRef = 64D02D87256CF81B0008C13C /* makecards_puzzle3_storyboard2_icon.png */; };
		64D02DB8256CF81C0008C13C /* makecards_puzzle3_storyboard3_icon.png in Resources */ = {isa = PBXBuildFile; fileRef = 64D02D88256CF81B0008C13C /* makecards_puzzle3_storyboard3_icon.png */; };
		64D02DB9256CF81C0008C13C /* makecards_puzzle3_storyboard4_icon@2x.png in Resources */ = {isa = PBXBuildFile; fileRef = 64D02D89256CF81C0008C13C /* makecards_puzzle3_storyboard4_icon@2x.png */; };
		64D02DBA256CF81C0008C13C /* makecards_puzzle3_storyboard5_icon.png in Resources */ = {isa = PBXBuildFile; fileRef = 64D02D8A256CF81C0008C13C /* makecards_puzzle3_storyboard5_icon.png */; };
		64D02DBB256CF81C0008C13C /* makecards_puzzle3_storyboard4_icon.png in Resources */ = {isa = PBXBuildFile; fileRef = 64D02D8B256CF81C0008C13C /* makecards_puzzle3_storyboard4_icon.png */; };
		64D02DBC256CF81C0008C13C /* makecards_puzzle3_storyboard1_icon@2x.png in Resources */ = {isa = PBXBuildFile; fileRef = 64D02D8C256CF81C0008C13C /* makecards_puzzle3_storyboard1_icon@2x.png */; };
		64D02DBF256CF9D30008C13C /* PTPuzzleThumbViewCell.swift in Sources */ = {isa = PBXBuildFile; fileRef = 64D02DBE256CF9D30008C13C /* PTPuzzleThumbViewCell.swift */; };
/* End PBXBuildFile section */

/* Begin PBXFileReference section */
		644A44E8256E904E009199D9 /* PTPuzzleAndStyleView.swift */ = {isa = PBXFileReference; lastKnownFileType = sourcecode.swift; path = PTPuzzleAndStyleView.swift; sourceTree = "<group>"; };
		649B3C91256BA1A3000D7702 /* AmazingPuzzle.app */ = {isa = PBXFileReference; explicitFileType = wrapper.application; includeInIndex = 0; path = AmazingPuzzle.app; sourceTree = BUILT_PRODUCTS_DIR; };
		649B3C94256BA1A3000D7702 /* AppDelegate.swift */ = {isa = PBXFileReference; lastKnownFileType = sourcecode.swift; path = AppDelegate.swift; sourceTree = "<group>"; };
		649B3C98256BA1A3000D7702 /* ViewController.swift */ = {isa = PBXFileReference; lastKnownFileType = sourcecode.swift; path = ViewController.swift; sourceTree = "<group>"; };
		649B3C9B256BA1A3000D7702 /* Base */ = {isa = PBXFileReference; lastKnownFileType = file.storyboard; name = Base; path = Base.lproj/Main.storyboard; sourceTree = "<group>"; };
		649B3C9D256BA1A5000D7702 /* Assets.xcassets */ = {isa = PBXFileReference; lastKnownFileType = folder.assetcatalog; path = Assets.xcassets; sourceTree = "<group>"; };
		649B3CA0256BA1A5000D7702 /* Base */ = {isa = PBXFileReference; lastKnownFileType = file.storyboard; name = Base; path = Base.lproj/LaunchScreen.storyboard; sourceTree = "<group>"; };
		649B3CA2256BA1A5000D7702 /* Info.plist */ = {isa = PBXFileReference; lastKnownFileType = text.plist.xml; path = Info.plist; sourceTree = "<group>"; };
		649B3CAC256BA323000D7702 /* PTPuzzleImageEditView.swift */ = {isa = PBXFileReference; lastKnownFileType = sourcecode.swift; path = PTPuzzleImageEditView.swift; sourceTree = "<group>"; };
		649B3CB1256BBEC3000D7702 /* number_four_style_4.plist */ = {isa = PBXFileReference; fileEncoding = 4; lastKnownFileType = text.plist.xml; path = number_four_style_4.plist; sourceTree = "<group>"; };
		649B3CB2256BBEC3000D7702 /* number_four_style_6.plist */ = {isa = PBXFileReference; fileEncoding = 4; lastKnownFileType = text.plist.xml; path = number_four_style_6.plist; sourceTree = "<group>"; };
		649B3CB3256BBEC3000D7702 /* number_four_style_2.plist */ = {isa = PBXFileReference; fileEncoding = 4; lastKnownFileType = text.plist.xml; path = number_four_style_2.plist; sourceTree = "<group>"; };
		649B3CB4256BBEC3000D7702 /* number_four_style_5.plist */ = {isa = PBXFileReference; fileEncoding = 4; lastKnownFileType = text.plist.xml; path = number_four_style_5.plist; sourceTree = "<group>"; };
		649B3CB5256BBEC3000D7702 /* number_four_style_1.plist */ = {isa = PBXFileReference; fileEncoding = 4; lastKnownFileType = text.plist.xml; path = number_four_style_1.plist; sourceTree = "<group>"; };
		649B3CB6256BBEC3000D7702 /* number_four_style_3.plist */ = {isa = PBXFileReference; fileEncoding = 4; lastKnownFileType = text.plist.xml; path = number_four_style_3.plist; sourceTree = "<group>"; };
		649B3CB7256BBEC3000D7702 /* number_five_style_5.plist */ = {isa = PBXFileReference; fileEncoding = 4; lastKnownFileType = text.plist.xml; path = number_five_style_5.plist; sourceTree = "<group>"; };
		649B3CB8256BBEC3000D7702 /* number_three_style_3.plist */ = {isa = PBXFileReference; fileEncoding = 4; lastKnownFileType = text.plist.xml; path = number_three_style_3.plist; sourceTree = "<group>"; };
		649B3CB9256BBEC3000D7702 /* number_two_style_5.plist */ = {isa = PBXFileReference; fileEncoding = 4; lastKnownFileType = text.plist.xml; path = number_two_style_5.plist; sourceTree = "<group>"; };
		649B3CBA256BBEC3000D7702 /* number_three_style_1.plist */ = {isa = PBXFileReference; fileEncoding = 4; lastKnownFileType = text.plist.xml; path = number_three_style_1.plist; sourceTree = "<group>"; };
		649B3CBB256BBEC3000D7702 /* number_five_style_3.plist */ = {isa = PBXFileReference; fileEncoding = 4; lastKnownFileType = text.plist.xml; path = number_five_style_3.plist; sourceTree = "<group>"; };
		649B3CBC256BBEC3000D7702 /* number_two_style_1.plist */ = {isa = PBXFileReference; fileEncoding = 4; lastKnownFileType = text.plist.xml; path = number_two_style_1.plist; sourceTree = "<group>"; };
		649B3CBD256BBEC3000D7702 /* number_three_style_5.plist */ = {isa = PBXFileReference; fileEncoding = 4; lastKnownFileType = text.plist.xml; path = number_three_style_5.plist; sourceTree = "<group>"; };
		649B3CBE256BBEC3000D7702 /* number_two_style_3.plist */ = {isa = PBXFileReference; fileEncoding = 4; lastKnownFileType = text.plist.xml; path = number_two_style_3.plist; sourceTree = "<group>"; };
		649B3CBF256BBEC3000D7702 /* number_five_style_1.plist */ = {isa = PBXFileReference; fileEncoding = 4; lastKnownFileType = text.plist.xml; path = number_five_style_1.plist; sourceTree = "<group>"; };
		649B3CC0256BBEC3000D7702 /* number_two_style_4.plist */ = {isa = PBXFileReference; fileEncoding = 4; lastKnownFileType = text.plist.xml; path = number_two_style_4.plist; sourceTree = "<group>"; };
		649B3CC1256BBEC3000D7702 /* number_five_style_6.plist */ = {isa = PBXFileReference; fileEncoding = 4; lastKnownFileType = text.plist.xml; path = number_five_style_6.plist; sourceTree = "<group>"; };
		649B3CC2256BBEC3000D7702 /* number_five_style_4.plist */ = {isa = PBXFileReference; fileEncoding = 4; lastKnownFileType = text.plist.xml; path = number_five_style_4.plist; sourceTree = "<group>"; };
		649B3CC3256BBEC3000D7702 /* number_two_style_6.plist */ = {isa = PBXFileReference; fileEncoding = 4; lastKnownFileType = text.plist.xml; path = number_two_style_6.plist; sourceTree = "<group>"; };
		649B3CC4256BBEC3000D7702 /* number_three_style_2.plist */ = {isa = PBXFileReference; fileEncoding = 4; lastKnownFileType = text.plist.xml; path = number_three_style_2.plist; sourceTree = "<group>"; };
		649B3CC5256BBEC3000D7702 /* number_two_style_2.plist */ = {isa = PBXFileReference; fileEncoding = 4; lastKnownFileType = text.plist.xml; path = number_two_style_2.plist; sourceTree = "<group>"; };
		649B3CC6256BBEC3000D7702 /* number_three_style_6.plist */ = {isa = PBXFileReference; fileEncoding = 4; lastKnownFileType = text.plist.xml; path = number_three_style_6.plist; sourceTree = "<group>"; };
		649B3CC7256BBEC3000D7702 /* number_five_style_2.plist */ = {isa = PBXFileReference; fileEncoding = 4; lastKnownFileType = text.plist.xml; path = number_five_style_2.plist; sourceTree = "<group>"; };
		649B3CC8256BBEC3000D7702 /* number_three_style_4.plist */ = {isa = PBXFileReference; fileEncoding = 4; lastKnownFileType = text.plist.xml; path = number_three_style_4.plist; sourceTree = "<group>"; };
		64B80170256D2DA4003CA531 /* PTPuzzleContentView.swift */ = {isa = PBXFileReference; lastKnownFileType = sourcecode.swift; path = PTPuzzleContentView.swift; sourceTree = "<group>"; };
		64B80174256D35CE003CA531 /* PTPuzzleStyleSelectView.swift */ = {isa = PBXFileReference; lastKnownFileType = sourcecode.swift; path = PTPuzzleStyleSelectView.swift; sourceTree = "<group>"; };
		64D02D5A256CF81B0008C13C /* makecards_puzzle_storyboard6_icon@2x.png */ = {isa = PBXFileReference; lastKnownFileType = image.png; path = "makecards_puzzle_storyboard6_icon@2x.png"; sourceTree = "<group>"; };
		64D02D5B256CF81B0008C13C /* makecards_puzzle_storyboard4_icon.png */ = {isa = PBXFileReference; lastKnownFileType = image.png; path = makecards_puzzle_storyboard4_icon.png; sourceTree = "<group>"; };
		64D02D5C256CF81B0008C13C /* makecards_puzzle_storyboard5_icon.png */ = {isa = PBXFileReference; lastKnownFileType = image.png; path = makecards_puzzle_storyboard5_icon.png; sourceTree = "<group>"; };
		64D02D5D256CF81B0008C13C /* makecards_puzzle_storyboard3_icon@2x.png */ = {isa = PBXFileReference; lastKnownFileType = image.png; path = "makecards_puzzle_storyboard3_icon@2x.png"; sourceTree = "<group>"; };
		64D02D5E256CF81B0008C13C /* makecards_puzzle_storyboard3_icon.png */ = {isa = PBXFileReference; lastKnownFileType = image.png; path = makecards_puzzle_storyboard3_icon.png; sourceTree = "<group>"; };
		64D02D5F256CF81B0008C13C /* makecards_puzzle_storyboard2_icon.png */ = {isa = PBXFileReference; lastKnownFileType = image.png; path = makecards_puzzle_storyboard2_icon.png; sourceTree = "<group>"; };
		64D02D60256CF81B0008C13C /* makecards_puzzle_storyboard5_icon@2x.png */ = {isa = PBXFileReference; lastKnownFileType = image.png; path = "makecards_puzzle_storyboard5_icon@2x.png"; sourceTree = "<group>"; };
		64D02D61256CF81B0008C13C /* makecards_puzzle_storyboard2_icon@2x.png */ = {isa = PBXFileReference; lastKnownFileType = image.png; path = "makecards_puzzle_storyboard2_icon@2x.png"; sourceTree = "<group>"; };
		64D02D62256CF81B0008C13C /* makecards_puzzle_storyboard6_icon.png */ = {isa = PBXFileReference; lastKnownFileType = image.png; path = makecards_puzzle_storyboard6_icon.png; sourceTree = "<group>"; };
		64D02D63256CF81B0008C13C /* makecards_puzzle_storyboard4_icon@2x.png */ = {isa = PBXFileReference; lastKnownFileType = image.png; path = "makecards_puzzle_storyboard4_icon@2x.png"; sourceTree = "<group>"; };
		64D02D64256CF81B0008C13C /* makecards_puzzle_storyboard1_icon@2x.png */ = {isa = PBXFileReference; lastKnownFileType = image.png; path = "makecards_puzzle_storyboard1_icon@2x.png"; sourceTree = "<group>"; };
		64D02D65256CF81B0008C13C /* makecards_puzzle_storyboard1_icon.png */ = {isa = PBXFileReference; lastKnownFileType = image.png; path = makecards_puzzle_storyboard1_icon.png; sourceTree = "<group>"; };
		64D02D67256CF81B0008C13C /* makecards_puzzle4_storyboard5_icon@2x.png */ = {isa = PBXFileReference; lastKnownFileType = image.png; path = "makecards_puzzle4_storyboard5_icon@2x.png"; sourceTree = "<group>"; };
		64D02D68256CF81B0008C13C /* makecards_puzzle4_storyboard2_icon.png */ = {isa = PBXFileReference; lastKnownFileType = image.png; path = makecards_puzzle4_storyboard2_icon.png; sourceTree = "<group>"; };
		64D02D69256CF81B0008C13C /* makecards_puzzle4_storyboard3_icon.png */ = {isa = PBXFileReference; lastKnownFileType = image.png; path = makecards_puzzle4_storyboard3_icon.png; sourceTree = "<group>"; };
		64D02D6A256CF81B0008C13C /* makecards_puzzle4_storyboard6_icon@2x.png */ = {isa = PBXFileReference; lastKnownFileType = image.png; path = "makecards_puzzle4_storyboard6_icon@2x.png"; sourceTree = "<group>"; };
		64D02D6B256CF81B0008C13C /* makecards_puzzle4_storyboard5_icon.png */ = {isa = PBXFileReference; lastKnownFileType = image.png; path = makecards_puzzle4_storyboard5_icon.png; sourceTree = "<group>"; };
		64D02D6C256CF81B0008C13C /* makecards_puzzle4_storyboard4_icon.png */ = {isa = PBXFileReference; lastKnownFileType = image.png; path = makecards_puzzle4_storyboard4_icon.png; sourceTree = "<group>"; };
		64D02D6D256CF81B0008C13C /* makecards_puzzle4_storyboard3_icon@2x.png */ = {isa = PBXFileReference; lastKnownFileType = image.png; path = "makecards_puzzle4_storyboard3_icon@2x.png"; sourceTree = "<group>"; };
		64D02D6E256CF81B0008C13C /* makecards_puzzle4_storyboard1_icon.png */ = {isa = PBXFileReference; lastKnownFileType = image.png; path = makecards_puzzle4_storyboard1_icon.png; sourceTree = "<group>"; };
		64D02D6F256CF81B0008C13C /* makecards_puzzle4_storyboard4_icon@2x.png */ = {isa = PBXFileReference; lastKnownFileType = image.png; path = "makecards_puzzle4_storyboard4_icon@2x.png"; sourceTree = "<group>"; };
		64D02D70256CF81B0008C13C /* makecards_puzzle4_storyboard1_icon@2x.png */ = {isa = PBXFileReference; lastKnownFileType = image.png; path = "makecards_puzzle4_storyboard1_icon@2x.png"; sourceTree = "<group>"; };
		64D02D71256CF81B0008C13C /* makecards_puzzle4_storyboard2_icon@2x.png */ = {isa = PBXFileReference; lastKnownFileType = image.png; path = "makecards_puzzle4_storyboard2_icon@2x.png"; sourceTree = "<group>"; };
		64D02D72256CF81B0008C13C /* makecards_puzzle4_storyboard6_icon.png */ = {isa = PBXFileReference; lastKnownFileType = image.png; path = makecards_puzzle4_storyboard6_icon.png; sourceTree = "<group>"; };
		64D02D74256CF81B0008C13C /* makecards_puzzle5_storyboard5_icon.png */ = {isa = PBXFileReference; lastKnownFileType = image.png; path = makecards_puzzle5_storyboard5_icon.png; sourceTree = "<group>"; };
		64D02D75256CF81B0008C13C /* makecards_puzzle5_storyboard4_icon.png */ = {isa = PBXFileReference; lastKnownFileType = image.png; path = makecards_puzzle5_storyboard4_icon.png; sourceTree = "<group>"; };
		64D02D76256CF81B0008C13C /* makecards_puzzle5_storyboard1_icon@2x.png */ = {isa = PBXFileReference; lastKnownFileType = image.png; path = "makecards_puzzle5_storyboard1_icon@2x.png"; sourceTree = "<group>"; };
		64D02D77256CF81B0008C13C /* makecards_puzzle5_storyboard4_icon@2x.png */ = {isa = PBXFileReference; lastKnownFileType = image.png; path = "makecards_puzzle5_storyboard4_icon@2x.png"; sourceTree = "<group>"; };
		64D02D78256CF81B0008C13C /* makecards_puzzle5_storyboard2_icon@2x.png */ = {isa = PBXFileReference; lastKnownFileType = image.png; path = "makecards_puzzle5_storyboard2_icon@2x.png"; sourceTree = "<group>"; };
		64D02D79256CF81B0008C13C /* makecards_puzzle5_storyboard2_icon.png */ = {isa = PBXFileReference; lastKnownFileType = image.png; path = makecards_puzzle5_storyboard2_icon.png; sourceTree = "<group>"; };
		64D02D7A256CF81B0008C13C /* makecards_puzzle5_storyboard3_icon.png */ = {isa = PBXFileReference; lastKnownFileType = image.png; path = makecards_puzzle5_storyboard3_icon.png; sourceTree = "<group>"; };
		64D02D7B256CF81B0008C13C /* makecards_puzzle5_storyboard5_icon@2x.png */ = {isa = PBXFileReference; lastKnownFileType = image.png; path = "makecards_puzzle5_storyboard5_icon@2x.png"; sourceTree = "<group>"; };
		64D02D7C256CF81B0008C13C /* makecards_puzzle5_storyboard6_icon.png */ = {isa = PBXFileReference; lastKnownFileType = image.png; path = makecards_puzzle5_storyboard6_icon.png; sourceTree = "<group>"; };
		64D02D7D256CF81B0008C13C /* makecards_puzzle5_storyboard3_icon@2x.png */ = {isa = PBXFileReference; lastKnownFileType = image.png; path = "makecards_puzzle5_storyboard3_icon@2x.png"; sourceTree = "<group>"; };
		64D02D7E256CF81B0008C13C /* makecards_puzzle5_storyboard1_icon.png */ = {isa = PBXFileReference; lastKnownFileType = image.png; path = makecards_puzzle5_storyboard1_icon.png; sourceTree = "<group>"; };
		64D02D7F256CF81B0008C13C /* makecards_puzzle5_storyboard6_icon@2x.png */ = {isa = PBXFileReference; lastKnownFileType = image.png; path = "makecards_puzzle5_storyboard6_icon@2x.png"; sourceTree = "<group>"; };
		64D02D81256CF81B0008C13C /* makecards_puzzle3_storyboard6_icon@2x.png */ = {isa = PBXFileReference; lastKnownFileType = image.png; path = "makecards_puzzle3_storyboard6_icon@2x.png"; sourceTree = "<group>"; };
		64D02D82256CF81B0008C13C /* makecards_puzzle3_storyboard1_icon.png */ = {isa = PBXFileReference; lastKnownFileType = image.png; path = makecards_puzzle3_storyboard1_icon.png; sourceTree = "<group>"; };
		64D02D83256CF81B0008C13C /* makecards_puzzle3_storyboard3_icon@2x.png */ = {isa = PBXFileReference; lastKnownFileType = image.png; path = "makecards_puzzle3_storyboard3_icon@2x.png"; sourceTree = "<group>"; };
		64D02D84256CF81B0008C13C /* makecards_puzzle3_storyboard6_icon.png */ = {isa = PBXFileReference; lastKnownFileType = image.png; path = makecards_puzzle3_storyboard6_icon.png; sourceTree = "<group>"; };
		64D02D85256CF81B0008C13C /* makecards_puzzle3_storyboard5_icon@2x.png */ = {isa = PBXFileReference; lastKnownFileType = image.png; path = "makecards_puzzle3_storyboard5_icon@2x.png"; sourceTree = "<group>"; };
		64D02D86256CF81B0008C13C /* makecards_puzzle3_storyboard2_icon@2x.png */ = {isa = PBXFileReference; lastKnownFileType = image.png; path = "makecards_puzzle3_storyboard2_icon@2x.png"; sourceTree = "<group>"; };
		64D02D87256CF81B0008C13C /* makecards_puzzle3_storyboard2_icon.png */ = {isa = PBXFileReference; lastKnownFileType = image.png; path = makecards_puzzle3_storyboard2_icon.png; sourceTree = "<group>"; };
		64D02D88256CF81B0008C13C /* makecards_puzzle3_storyboard3_icon.png */ = {isa = PBXFileReference; lastKnownFileType = image.png; path = makecards_puzzle3_storyboard3_icon.png; sourceTree = "<group>"; };
		64D02D89256CF81C0008C13C /* makecards_puzzle3_storyboard4_icon@2x.png */ = {isa = PBXFileReference; lastKnownFileType = image.png; path = "makecards_puzzle3_storyboard4_icon@2x.png"; sourceTree = "<group>"; };
		64D02D8A256CF81C0008C13C /* makecards_puzzle3_storyboard5_icon.png */ = {isa = PBXFileReference; lastKnownFileType = image.png; path = makecards_puzzle3_storyboard5_icon.png; sourceTree = "<group>"; };
		64D02D8B256CF81C0008C13C /* makecards_puzzle3_storyboard4_icon.png */ = {isa = PBXFileReference; lastKnownFileType = image.png; path = makecards_puzzle3_storyboard4_icon.png; sourceTree = "<group>"; };
		64D02D8C256CF81C0008C13C /* makecards_puzzle3_storyboard1_icon@2x.png */ = {isa = PBXFileReference; lastKnownFileType = image.png; path = "makecards_puzzle3_storyboard1_icon@2x.png"; sourceTree = "<group>"; };
		64D02DBE256CF9D30008C13C /* PTPuzzleThumbViewCell.swift */ = {isa = PBXFileReference; lastKnownFileType = sourcecode.swift; path = PTPuzzleThumbViewCell.swift; sourceTree = "<group>"; };
/* End PBXFileReference section */

/* Begin PBXFrameworksBuildPhase section */
		649B3C8E256BA1A3000D7702 /* Frameworks */ = {
			isa = PBXFrameworksBuildPhase;
			buildActionMask = 2147483647;
			files = (
			);
			runOnlyForDeploymentPostprocessing = 0;
		};
/* End PBXFrameworksBuildPhase section */

/* Begin PBXGroup section */
		640383C8256FD6F900EA9F09 /* Sources */ = {
			isa = PBXGroup;
			children = (
				64B80170256D2DA4003CA531 /* PTPuzzleContentView.swift */,
				64D02DBE256CF9D30008C13C /* PTPuzzleThumbViewCell.swift */,
				64B80174256D35CE003CA531 /* PTPuzzleStyleSelectView.swift */,
				649B3CAC256BA323000D7702 /* PTPuzzleImageEditView.swift */,
				644A44E8256E904E009199D9 /* PTPuzzleAndStyleView.swift */,
				649B3CB0256BBEC3000D7702 /* Plists */,
			);
			path = Sources;
			sourceTree = "<group>";
		};
		649B3C88256BA1A3000D7702 = {
			isa = PBXGroup;
			children = (
				640383C8256FD6F900EA9F09 /* Sources */,
				649B3C93256BA1A3000D7702 /* iOS Puzzle */,
				649B3C92256BA1A3000D7702 /* Products */,
			);
			sourceTree = "<group>";
		};
		649B3C92256BA1A3000D7702 /* Products */ = {
			isa = PBXGroup;
			children = (
				649B3C91256BA1A3000D7702 /* AmazingPuzzle.app */,
			);
			name = Products;
			sourceTree = "<group>";
		};
		649B3C93256BA1A3000D7702 /* iOS Puzzle */ = {
			isa = PBXGroup;
			children = (
				649B3C94256BA1A3000D7702 /* AppDelegate.swift */,
				649B3C98256BA1A3000D7702 /* ViewController.swift */,
				649B3C9A256BA1A3000D7702 /* Main.storyboard */,
				64D02D58256CF81B0008C13C /* storyboard */,
				649B3C9D256BA1A5000D7702 /* Assets.xcassets */,
				649B3C9F256BA1A5000D7702 /* LaunchScreen.storyboard */,
				649B3CA2256BA1A5000D7702 /* Info.plist */,
			);
			path = "iOS Puzzle";
			sourceTree = "<group>";
		};
		649B3CB0256BBEC3000D7702 /* Plists */ = {
			isa = PBXGroup;
			children = (
				649B3CB1256BBEC3000D7702 /* number_four_style_4.plist */,
				649B3CB2256BBEC3000D7702 /* number_four_style_6.plist */,
				649B3CBC256BBEC3000D7702 /* number_two_style_1.plist */,
				649B3CB3256BBEC3000D7702 /* number_four_style_2.plist */,
				649B3CB4256BBEC3000D7702 /* number_four_style_5.plist */,
				649B3CB5256BBEC3000D7702 /* number_four_style_1.plist */,
				649B3CB6256BBEC3000D7702 /* number_four_style_3.plist */,
				649B3CB7256BBEC3000D7702 /* number_five_style_5.plist */,
				649B3CB8256BBEC3000D7702 /* number_three_style_3.plist */,
				649B3CB9256BBEC3000D7702 /* number_two_style_5.plist */,
				649B3CBA256BBEC3000D7702 /* number_three_style_1.plist */,
				649B3CBB256BBEC3000D7702 /* number_five_style_3.plist */,
				649B3CBD256BBEC3000D7702 /* number_three_style_5.plist */,
				649B3CBE256BBEC3000D7702 /* number_two_style_3.plist */,
				649B3CBF256BBEC3000D7702 /* number_five_style_1.plist */,
				649B3CC0256BBEC3000D7702 /* number_two_style_4.plist */,
				649B3CC1256BBEC3000D7702 /* number_five_style_6.plist */,
				649B3CC2256BBEC3000D7702 /* number_five_style_4.plist */,
				649B3CC3256BBEC3000D7702 /* number_two_style_6.plist */,
				649B3CC4256BBEC3000D7702 /* number_three_style_2.plist */,
				649B3CC5256BBEC3000D7702 /* number_two_style_2.plist */,
				649B3CC6256BBEC3000D7702 /* number_three_style_6.plist */,
				649B3CC7256BBEC3000D7702 /* number_five_style_2.plist */,
				649B3CC8256BBEC3000D7702 /* number_three_style_4.plist */,
			);
			path = Plists;
			sourceTree = "<group>";
		};
		64D02D58256CF81B0008C13C /* storyboard */ = {
			isa = PBXGroup;
			children = (
				64D02D59256CF81B0008C13C /* number_two */,
				64D02D66256CF81B0008C13C /* number_four */,
				64D02D73256CF81B0008C13C /* number_five */,
				64D02D80256CF81B0008C13C /* number_three */,
			);
			path = storyboard;
			sourceTree = "<group>";
		};
		64D02D59256CF81B0008C13C /* number_two */ = {
			isa = PBXGroup;
			children = (
				64D02D5A256CF81B0008C13C /* makecards_puzzle_storyboard6_icon@2x.png */,
				64D02D5B256CF81B0008C13C /* makecards_puzzle_storyboard4_icon.png */,
				64D02D5C256CF81B0008C13C /* makecards_puzzle_storyboard5_icon.png */,
				64D02D5D256CF81B0008C13C /* makecards_puzzle_storyboard3_icon@2x.png */,
				64D02D5E256CF81B0008C13C /* makecards_puzzle_storyboard3_icon.png */,
				64D02D5F256CF81B0008C13C /* makecards_puzzle_storyboard2_icon.png */,
				64D02D60256CF81B0008C13C /* makecards_puzzle_storyboard5_icon@2x.png */,
				64D02D61256CF81B0008C13C /* makecards_puzzle_storyboard2_icon@2x.png */,
				64D02D62256CF81B0008C13C /* makecards_puzzle_storyboard6_icon.png */,
				64D02D63256CF81B0008C13C /* makecards_puzzle_storyboard4_icon@2x.png */,
				64D02D64256CF81B0008C13C /* makecards_puzzle_storyboard1_icon@2x.png */,
				64D02D65256CF81B0008C13C /* makecards_puzzle_storyboard1_icon.png */,
			);
			path = number_two;
			sourceTree = "<group>";
		};
		64D02D66256CF81B0008C13C /* number_four */ = {
			isa = PBXGroup;
			children = (
				64D02D67256CF81B0008C13C /* makecards_puzzle4_storyboard5_icon@2x.png */,
				64D02D68256CF81B0008C13C /* makecards_puzzle4_storyboard2_icon.png */,
				64D02D69256CF81B0008C13C /* makecards_puzzle4_storyboard3_icon.png */,
				64D02D6A256CF81B0008C13C /* makecards_puzzle4_storyboard6_icon@2x.png */,
				64D02D6B256CF81B0008C13C /* makecards_puzzle4_storyboard5_icon.png */,
				64D02D6C256CF81B0008C13C /* makecards_puzzle4_storyboard4_icon.png */,
				64D02D6D256CF81B0008C13C /* makecards_puzzle4_storyboard3_icon@2x.png */,
				64D02D6E256CF81B0008C13C /* makecards_puzzle4_storyboard1_icon.png */,
				64D02D6F256CF81B0008C13C /* makecards_puzzle4_storyboard4_icon@2x.png */,
				64D02D70256CF81B0008C13C /* makecards_puzzle4_storyboard1_icon@2x.png */,
				64D02D71256CF81B0008C13C /* makecards_puzzle4_storyboard2_icon@2x.png */,
				64D02D72256CF81B0008C13C /* makecards_puzzle4_storyboard6_icon.png */,
			);
			path = number_four;
			sourceTree = "<group>";
		};
		64D02D73256CF81B0008C13C /* number_five */ = {
			isa = PBXGroup;
			children = (
				64D02D74256CF81B0008C13C /* makecards_puzzle5_storyboard5_icon.png */,
				64D02D75256CF81B0008C13C /* makecards_puzzle5_storyboard4_icon.png */,
				64D02D76256CF81B0008C13C /* makecards_puzzle5_storyboard1_icon@2x.png */,
				64D02D77256CF81B0008C13C /* makecards_puzzle5_storyboard4_icon@2x.png */,
				64D02D78256CF81B0008C13C /* makecards_puzzle5_storyboard2_icon@2x.png */,
				64D02D79256CF81B0008C13C /* makecards_puzzle5_storyboard2_icon.png */,
				64D02D7A256CF81B0008C13C /* makecards_puzzle5_storyboard3_icon.png */,
				64D02D7B256CF81B0008C13C /* makecards_puzzle5_storyboard5_icon@2x.png */,
				64D02D7C256CF81B0008C13C /* makecards_puzzle5_storyboard6_icon.png */,
				64D02D7D256CF81B0008C13C /* makecards_puzzle5_storyboard3_icon@2x.png */,
				64D02D7E256CF81B0008C13C /* makecards_puzzle5_storyboard1_icon.png */,
				64D02D7F256CF81B0008C13C /* makecards_puzzle5_storyboard6_icon@2x.png */,
			);
			path = number_five;
			sourceTree = "<group>";
		};
		64D02D80256CF81B0008C13C /* number_three */ = {
			isa = PBXGroup;
			children = (
				64D02D81256CF81B0008C13C /* makecards_puzzle3_storyboard6_icon@2x.png */,
				64D02D82256CF81B0008C13C /* makecards_puzzle3_storyboard1_icon.png */,
				64D02D83256CF81B0008C13C /* makecards_puzzle3_storyboard3_icon@2x.png */,
				64D02D84256CF81B0008C13C /* makecards_puzzle3_storyboard6_icon.png */,
				64D02D85256CF81B0008C13C /* makecards_puzzle3_storyboard5_icon@2x.png */,
				64D02D86256CF81B0008C13C /* makecards_puzzle3_storyboard2_icon@2x.png */,
				64D02D87256CF81B0008C13C /* makecards_puzzle3_storyboard2_icon.png */,
				64D02D88256CF81B0008C13C /* makecards_puzzle3_storyboard3_icon.png */,
				64D02D89256CF81C0008C13C /* makecards_puzzle3_storyboard4_icon@2x.png */,
				64D02D8A256CF81C0008C13C /* makecards_puzzle3_storyboard5_icon.png */,
				64D02D8B256CF81C0008C13C /* makecards_puzzle3_storyboard4_icon.png */,
				64D02D8C256CF81C0008C13C /* makecards_puzzle3_storyboard1_icon@2x.png */,
			);
			path = number_three;
			sourceTree = "<group>";
		};
/* End PBXGroup section */

/* Begin PBXNativeTarget section */
		649B3C90256BA1A3000D7702 /* AmazingPuzzle */ = {
			isa = PBXNativeTarget;
			buildConfigurationList = 649B3CA5256BA1A5000D7702 /* Build configuration list for PBXNativeTarget "AmazingPuzzle" */;
			buildPhases = (
				649B3C8D256BA1A3000D7702 /* Sources */,
				649B3C8E256BA1A3000D7702 /* Frameworks */,
				649B3C8F256BA1A3000D7702 /* Resources */,
			);
			buildRules = (
			);
			dependencies = (
			);
			name = AmazingPuzzle;
			productName = "iOS Puzzle";
			productReference = 649B3C91256BA1A3000D7702 /* AmazingPuzzle.app */;
			productType = "com.apple.product-type.application";
		};
/* End PBXNativeTarget section */

/* Begin PBXProject section */
		649B3C89256BA1A3000D7702 /* Project object */ = {
			isa = PBXProject;
			attributes = {
				CLASSPREFIX = PT;
				LastSwiftUpdateCheck = 1200;
				LastUpgradeCheck = 1200;
				TargetAttributes = {
					649B3C90256BA1A3000D7702 = {
						CreatedOnToolsVersion = 12.0;
					};
				};
			};
			buildConfigurationList = 649B3C8C256BA1A3000D7702 /* Build configuration list for PBXProject "AmazingPuzzle" */;
			compatibilityVersion = "Xcode 9.3";
			developmentRegion = en;
			hasScannedForEncodings = 0;
			knownRegions = (
				en,
				Base,
			);
			mainGroup = 649B3C88256BA1A3000D7702;
			productRefGroup = 649B3C92256BA1A3000D7702 /* Products */;
			projectDirPath = "";
			projectRoot = "";
			targets = (
				649B3C90256BA1A3000D7702 /* AmazingPuzzle */,
			);
		};
/* End PBXProject section */

/* Begin PBXResourcesBuildPhase section */
		649B3C8F256BA1A3000D7702 /* Resources */ = {
			isa = PBXResourcesBuildPhase;
			buildActionMask = 2147483647;
			files = (
				64D02DA0256CF81C0008C13C /* makecards_puzzle4_storyboard1_icon.png in Resources */,
				64D02DB2256CF81C0008C13C /* makecards_puzzle3_storyboard1_icon.png in Resources */,
				64D02DBB256CF81C0008C13C /* makecards_puzzle3_storyboard4_icon.png in Resources */,
				64D02DB3256CF81C0008C13C /* makecards_puzzle3_storyboard3_icon@2x.png in Resources */,
				64D02DA4256CF81C0008C13C /* makecards_puzzle4_storyboard6_icon.png in Resources */,
				64D02DB7256CF81C0008C13C /* makecards_puzzle3_storyboard2_icon.png in Resources */,
				649B3CD0256BBEC3000D7702 /* number_three_style_3.plist in Resources */,
				64D02DAB256CF81C0008C13C /* makecards_puzzle5_storyboard3_icon.png in Resources */,
				64D02DBC256CF81C0008C13C /* makecards_puzzle3_storyboard1_icon@2x.png in Resources */,
				64D02DA1256CF81C0008C13C /* makecards_puzzle4_storyboard4_icon@2x.png in Resources */,
				64D02DA6256CF81C0008C13C /* makecards_puzzle5_storyboard4_icon.png in Resources */,
				64D02D94256CF81C0008C13C /* makecards_puzzle_storyboard2_icon@2x.png in Resources */,
				64D02D8F256CF81C0008C13C /* makecards_puzzle_storyboard5_icon.png in Resources */,
				64D02DB8256CF81C0008C13C /* makecards_puzzle3_storyboard3_icon.png in Resources */,
				64D02DAD256CF81C0008C13C /* makecards_puzzle5_storyboard6_icon.png in Resources */,
				649B3CA1256BA1A5000D7702 /* LaunchScreen.storyboard in Resources */,
				649B3CCF256BBEC3000D7702 /* number_five_style_5.plist in Resources */,
				64D02D9A256CF81C0008C13C /* makecards_puzzle4_storyboard2_icon.png in Resources */,
				64D02DB5256CF81C0008C13C /* makecards_puzzle3_storyboard5_icon@2x.png in Resources */,
				649B3C9E256BA1A5000D7702 /* Assets.xcassets in Resources */,
				649B3CD2256BBEC3000D7702 /* number_three_style_1.plist in Resources */,
				649B3CD1256BBEC3000D7702 /* number_two_style_5.plist in Resources */,
				649B3CCB256BBEC3000D7702 /* number_four_style_2.plist in Resources */,
				64D02D98256CF81C0008C13C /* makecards_puzzle_storyboard1_icon.png in Resources */,
				64D02D8D256CF81C0008C13C /* makecards_puzzle_storyboard6_icon@2x.png in Resources */,
				64D02D8E256CF81C0008C13C /* makecards_puzzle_storyboard4_icon.png in Resources */,
				64D02DB1256CF81C0008C13C /* makecards_puzzle3_storyboard6_icon@2x.png in Resources */,
				64D02DB9256CF81C0008C13C /* makecards_puzzle3_storyboard4_icon@2x.png in Resources */,
				64D02D93256CF81C0008C13C /* makecards_puzzle_storyboard5_icon@2x.png in Resources */,
				649B3CC9256BBEC3000D7702 /* number_four_style_4.plist in Resources */,
				64D02DB4256CF81C0008C13C /* makecards_puzzle3_storyboard6_icon.png in Resources */,
				649B3CDE256BBEC3000D7702 /* number_three_style_6.plist in Resources */,
				64D02D9C256CF81C0008C13C /* makecards_puzzle4_storyboard6_icon@2x.png in Resources */,
				64D02D90256CF81C0008C13C /* makecards_puzzle_storyboard3_icon@2x.png in Resources */,
				649B3CD5256BBEC3000D7702 /* number_three_style_5.plist in Resources */,
				64D02D9F256CF81C0008C13C /* makecards_puzzle4_storyboard3_icon@2x.png in Resources */,
				64D02DA7256CF81C0008C13C /* makecards_puzzle5_storyboard1_icon@2x.png in Resources */,
				64D02DAF256CF81C0008C13C /* makecards_puzzle5_storyboard1_icon.png in Resources */,
				64D02DAC256CF81C0008C13C /* makecards_puzzle5_storyboard5_icon@2x.png in Resources */,
				64D02DAA256CF81C0008C13C /* makecards_puzzle5_storyboard2_icon.png in Resources */,
				64D02DA9256CF81C0008C13C /* makecards_puzzle5_storyboard2_icon@2x.png in Resources */,
				64D02D9E256CF81C0008C13C /* makecards_puzzle4_storyboard4_icon.png in Resources */,
				649B3CD7256BBEC3000D7702 /* number_five_style_1.plist in Resources */,
				64D02D91256CF81C0008C13C /* makecards_puzzle_storyboard3_icon.png in Resources */,
				64D02DA8256CF81C0008C13C /* makecards_puzzle5_storyboard4_icon@2x.png in Resources */,
				64D02D92256CF81C0008C13C /* makecards_puzzle_storyboard2_icon.png in Resources */,
				649B3C9C256BA1A3000D7702 /* Main.storyboard in Resources */,
				649B3CDB256BBEC3000D7702 /* number_two_style_6.plist in Resources */,
				649B3CE0256BBEC3000D7702 /* number_three_style_4.plist in Resources */,
				64D02D9B256CF81C0008C13C /* makecards_puzzle4_storyboard3_icon.png in Resources */,
				64D02DB0256CF81C0008C13C /* makecards_puzzle5_storyboard6_icon@2x.png in Resources */,
				64D02DA5256CF81C0008C13C /* makecards_puzzle5_storyboard5_icon.png in Resources */,
				649B3CD3256BBEC3000D7702 /* number_five_style_3.plist in Resources */,
				649B3CDD256BBEC3000D7702 /* number_two_style_2.plist in Resources */,
				64D02D96256CF81C0008C13C /* makecards_puzzle_storyboard4_icon@2x.png in Resources */,
				649B3CCA256BBEC3000D7702 /* number_four_style_6.plist in Resources */,
				64D02DBA256CF81C0008C13C /* makecards_puzzle3_storyboard5_icon.png in Resources */,
				64D02D99256CF81C0008C13C /* makecards_puzzle4_storyboard5_icon@2x.png in Resources */,
				649B3CDF256BBEC3000D7702 /* number_five_style_2.plist in Resources */,
				64D02DA3256CF81C0008C13C /* makecards_puzzle4_storyboard2_icon@2x.png in Resources */,
				64D02D95256CF81C0008C13C /* makecards_puzzle_storyboard6_icon.png in Resources */,
				64D02DB6256CF81C0008C13C /* makecards_puzzle3_storyboard2_icon@2x.png in Resources */,
				649B3CD4256BBEC3000D7702 /* number_two_style_1.plist in Resources */,
				64D02D9D256CF81C0008C13C /* makecards_puzzle4_storyboard5_icon.png in Resources */,
				64D02DAE256CF81C0008C13C /* makecards_puzzle5_storyboard3_icon@2x.png in Resources */,
				649B3CD8256BBEC3000D7702 /* number_two_style_4.plist in Resources */,
				64D02D97256CF81C0008C13C /* makecards_puzzle_storyboard1_icon@2x.png in Resources */,
				649B3CCE256BBEC3000D7702 /* number_four_style_3.plist in Resources */,
				649B3CCC256BBEC3000D7702 /* number_four_style_5.plist in Resources */,
				649B3CDC256BBEC3000D7702 /* number_three_style_2.plist in Resources */,
				649B3CCD256BBEC3000D7702 /* number_four_style_1.plist in Resources */,
				649B3CDA256BBEC3000D7702 /* number_five_style_4.plist in Resources */,
				64D02DA2256CF81C0008C13C /* makecards_puzzle4_storyboard1_icon@2x.png in Resources */,
				649B3CD9256BBEC3000D7702 /* number_five_style_6.plist in Resources */,
				649B3CD6256BBEC3000D7702 /* number_two_style_3.plist in Resources */,
			);
			runOnlyForDeploymentPostprocessing = 0;
		};
/* End PBXResourcesBuildPhase section */

/* Begin PBXSourcesBuildPhase section */
		649B3C8D256BA1A3000D7702 /* Sources */ = {
			isa = PBXSourcesBuildPhase;
			buildActionMask = 2147483647;
			files = (
				64B80171256D2DA4003CA531 /* PTPuzzleContentView.swift in Sources */,
				649B3C99256BA1A3000D7702 /* ViewController.swift in Sources */,
				649B3CAD256BA323000D7702 /* PTPuzzleImageEditView.swift in Sources */,
				644A44E9256E904E009199D9 /* PTPuzzleAndStyleView.swift in Sources */,
				649B3C95256BA1A3000D7702 /* AppDelegate.swift in Sources */,
				64B80175256D35CE003CA531 /* PTPuzzleStyleSelectView.swift in Sources */,
				64D02DBF256CF9D30008C13C /* PTPuzzleThumbViewCell.swift in Sources */,
			);
			runOnlyForDeploymentPostprocessing = 0;
		};
/* End PBXSourcesBuildPhase section */

/* Begin PBXVariantGroup section */
		649B3C9A256BA1A3000D7702 /* Main.storyboard */ = {
			isa = PBXVariantGroup;
			children = (
				649B3C9B256BA1A3000D7702 /* Base */,
			);
			name = Main.storyboard;
			sourceTree = "<group>";
		};
		649B3C9F256BA1A5000D7702 /* LaunchScreen.storyboard */ = {
			isa = PBXVariantGroup;
			children = (
				649B3CA0256BA1A5000D7702 /* Base */,
			);
			name = LaunchScreen.storyboard;
			sourceTree = "<group>";
		};
/* End PBXVariantGroup section */

/* Begin XCBuildConfiguration section */
		649B3CA3256BA1A5000D7702 /* Debug */ = {
			isa = XCBuildConfiguration;
			buildSettings = {
				ALWAYS_SEARCH_USER_PATHS = NO;
				CLANG_ANALYZER_NONNULL = YES;
				CLANG_ANALYZER_NUMBER_OBJECT_CONVERSION = YES_AGGRESSIVE;
				CLANG_CXX_LANGUAGE_STANDARD = "gnu++14";
				CLANG_CXX_LIBRARY = "libc++";
				CLANG_ENABLE_MODULES = YES;
				CLANG_ENABLE_OBJC_ARC = YES;
				CLANG_ENABLE_OBJC_WEAK = YES;
				CLANG_WARN_BLOCK_CAPTURE_AUTORELEASING = YES;
				CLANG_WARN_BOOL_CONVERSION = YES;
				CLANG_WARN_COMMA = YES;
				CLANG_WARN_CONSTANT_CONVERSION = YES;
				CLANG_WARN_DEPRECATED_OBJC_IMPLEMENTATIONS = YES;
				CLANG_WARN_DIRECT_OBJC_ISA_USAGE = YES_ERROR;
				CLANG_WARN_DOCUMENTATION_COMMENTS = YES;
				CLANG_WARN_EMPTY_BODY = YES;
				CLANG_WARN_ENUM_CONVERSION = YES;
				CLANG_WARN_INFINITE_RECURSION = YES;
				CLANG_WARN_INT_CONVERSION = YES;
				CLANG_WARN_NON_LITERAL_NULL_CONVERSION = YES;
				CLANG_WARN_OBJC_IMPLICIT_RETAIN_SELF = YES;
				CLANG_WARN_OBJC_LITERAL_CONVERSION = YES;
				CLANG_WARN_OBJC_ROOT_CLASS = YES_ERROR;
				CLANG_WARN_QUOTED_INCLUDE_IN_FRAMEWORK_HEADER = YES;
				CLANG_WARN_RANGE_LOOP_ANALYSIS = YES;
				CLANG_WARN_STRICT_PROTOTYPES = YES;
				CLANG_WARN_SUSPICIOUS_MOVE = YES;
				CLANG_WARN_UNGUARDED_AVAILABILITY = YES_AGGRESSIVE;
				CLANG_WARN_UNREACHABLE_CODE = YES;
				CLANG_WARN__DUPLICATE_METHOD_MATCH = YES;
				COPY_PHASE_STRIP = NO;
				DEBUG_INFORMATION_FORMAT = dwarf;
				ENABLE_STRICT_OBJC_MSGSEND = YES;
				ENABLE_TESTABILITY = YES;
				GCC_C_LANGUAGE_STANDARD = gnu11;
				GCC_DYNAMIC_NO_PIC = NO;
				GCC_NO_COMMON_BLOCKS = YES;
				GCC_OPTIMIZATION_LEVEL = 0;
				GCC_PREPROCESSOR_DEFINITIONS = (
					"DEBUG=1",
					"$(inherited)",
				);
				GCC_WARN_64_TO_32_BIT_CONVERSION = YES;
				GCC_WARN_ABOUT_RETURN_TYPE = YES_ERROR;
				GCC_WARN_UNDECLARED_SELECTOR = YES;
				GCC_WARN_UNINITIALIZED_AUTOS = YES_AGGRESSIVE;
				GCC_WARN_UNUSED_FUNCTION = YES;
				GCC_WARN_UNUSED_VARIABLE = YES;
				IPHONEOS_DEPLOYMENT_TARGET = 14.0;
				MTL_ENABLE_DEBUG_INFO = INCLUDE_SOURCE;
				MTL_FAST_MATH = YES;
				ONLY_ACTIVE_ARCH = YES;
				SDKROOT = iphoneos;
				SWIFT_ACTIVE_COMPILATION_CONDITIONS = DEBUG;
				SWIFT_OPTIMIZATION_LEVEL = "-Onone";
			};
			name = Debug;
		};
		649B3CA4256BA1A5000D7702 /* Release */ = {
			isa = XCBuildConfiguration;
			buildSettings = {
				ALWAYS_SEARCH_USER_PATHS = NO;
				CLANG_ANALYZER_NONNULL = YES;
				CLANG_ANALYZER_NUMBER_OBJECT_CONVERSION = YES_AGGRESSIVE;
				CLANG_CXX_LANGUAGE_STANDARD = "gnu++14";
				CLANG_CXX_LIBRARY = "libc++";
				CLANG_ENABLE_MODULES = YES;
				CLANG_ENABLE_OBJC_ARC = YES;
				CLANG_ENABLE_OBJC_WEAK = YES;
				CLANG_WARN_BLOCK_CAPTURE_AUTORELEASING = YES;
				CLANG_WARN_BOOL_CONVERSION = YES;
				CLANG_WARN_COMMA = YES;
				CLANG_WARN_CONSTANT_CONVERSION = YES;
				CLANG_WARN_DEPRECATED_OBJC_IMPLEMENTATIONS = YES;
				CLANG_WARN_DIRECT_OBJC_ISA_USAGE = YES_ERROR;
				CLANG_WARN_DOCUMENTATION_COMMENTS = YES;
				CLANG_WARN_EMPTY_BODY = YES;
				CLANG_WARN_ENUM_CONVERSION = YES;
				CLANG_WARN_INFINITE_RECURSION = YES;
				CLANG_WARN_INT_CONVERSION = YES;
				CLANG_WARN_NON_LITERAL_NULL_CONVERSION = YES;
				CLANG_WARN_OBJC_IMPLICIT_RETAIN_SELF = YES;
				CLANG_WARN_OBJC_LITERAL_CONVERSION = YES;
				CLANG_WARN_OBJC_ROOT_CLASS = YES_ERROR;
				CLANG_WARN_QUOTED_INCLUDE_IN_FRAMEWORK_HEADER = YES;
				CLANG_WARN_RANGE_LOOP_ANALYSIS = YES;
				CLANG_WARN_STRICT_PROTOTYPES = YES;
				CLANG_WARN_SUSPICIOUS_MOVE = YES;
				CLANG_WARN_UNGUARDED_AVAILABILITY = YES_AGGRESSIVE;
				CLANG_WARN_UNREACHABLE_CODE = YES;
				CLANG_WARN__DUPLICATE_METHOD_MATCH = YES;
				COPY_PHASE_STRIP = NO;
				DEBUG_INFORMATION_FORMAT = "dwarf-with-dsym";
				ENABLE_NS_ASSERTIONS = NO;
				ENABLE_STRICT_OBJC_MSGSEND = YES;
				GCC_C_LANGUAGE_STANDARD = gnu11;
				GCC_NO_COMMON_BLOCKS = YES;
				GCC_WARN_64_TO_32_BIT_CONVERSION = YES;
				GCC_WARN_ABOUT_RETURN_TYPE = YES_ERROR;
				GCC_WARN_UNDECLARED_SELECTOR = YES;
				GCC_WARN_UNINITIALIZED_AUTOS = YES_AGGRESSIVE;
				GCC_WARN_UNUSED_FUNCTION = YES;
				GCC_WARN_UNUSED_VARIABLE = YES;
				IPHONEOS_DEPLOYMENT_TARGET = 14.0;
				MTL_ENABLE_DEBUG_INFO = NO;
				MTL_FAST_MATH = YES;
				SDKROOT = iphoneos;
				SWIFT_COMPILATION_MODE = wholemodule;
				SWIFT_OPTIMIZATION_LEVEL = "-O";
				VALIDATE_PRODUCT = YES;
			};
			name = Release;
		};
		649B3CA6256BA1A5000D7702 /* Debug */ = {
			isa = XCBuildConfiguration;
			buildSettings = {
				ASSETCATALOG_COMPILER_APPICON_NAME = AppIcon;
				ASSETCATALOG_COMPILER_GLOBAL_ACCENT_COLOR_NAME = AccentColor;
				CODE_SIGN_STYLE = Automatic;
				CURRENT_PROJECT_VERSION = 100;
				INFOPLIST_FILE = "iOS Puzzle/Info.plist";
				IPHONEOS_DEPLOYMENT_TARGET = 9.0;
				LD_RUNPATH_SEARCH_PATHS = (
					"$(inherited)",
					"@executable_path/Frameworks",
				);
				MARKETING_VERSION = 0.0.1;
				PRODUCT_BUNDLE_IDENTIFIER = "com.app.iOS-Puzzle";
				PRODUCT_NAME = "$(TARGET_NAME)";
				SWIFT_VERSION = 5.0;
				TARGETED_DEVICE_FAMILY = "1,2";
			};
			name = Debug;
		};
		649B3CA7256BA1A5000D7702 /* Release */ = {
			isa = XCBuildConfiguration;
			buildSettings = {
				ASSETCATALOG_COMPILER_APPICON_NAME = AppIcon;
				ASSETCATALOG_COMPILER_GLOBAL_ACCENT_COLOR_NAME = AccentColor;
				CODE_SIGN_STYLE = Automatic;
				CURRENT_PROJECT_VERSION = 100;
				INFOPLIST_FILE = "iOS Puzzle/Info.plist";
				IPHONEOS_DEPLOYMENT_TARGET = 9.0;
				LD_RUNPATH_SEARCH_PATHS = (
					"$(inherited)",
					"@executable_path/Frameworks",
				);
				MARKETING_VERSION = 0.0.1;
				PRODUCT_BUNDLE_IDENTIFIER = "com.app.iOS-Puzzle";
				PRODUCT_NAME = "$(TARGET_NAME)";
				SWIFT_VERSION = 5.0;
				TARGETED_DEVICE_FAMILY = "1,2";
			};
			name = Release;
		};
/* End XCBuildConfiguration section */

/* Begin XCConfigurationList section */
		649B3C8C256BA1A3000D7702 /* Build configuration list for PBXProject "AmazingPuzzle" */ = {
			isa = XCConfigurationList;
			buildConfigurations = (
				649B3CA3256BA1A5000D7702 /* Debug */,
				649B3CA4256BA1A5000D7702 /* Release */,
			);
			defaultConfigurationIsVisible = 0;
			defaultConfigurationName = Release;
		};
		649B3CA5256BA1A5000D7702 /* Build configuration list for PBXNativeTarget "AmazingPuzzle" */ = {
			isa = XCConfigurationList;
			buildConfigurations = (
				649B3CA6256BA1A5000D7702 /* Debug */,
				649B3CA7256BA1A5000D7702 /* Release */,
			);
			defaultConfigurationIsVisible = 0;
			defaultConfigurationName = Release;
		};
/* End XCConfigurationList section */
	};
	rootObject = 649B3C89256BA1A3000D7702 /* Project object */;
}
